
Microsoft Visual Studio Solution File, Format Version 12.00
# Visual Studio Version 16
VisualStudioVersion = 16.0.32126.315
MinimumVisualStudioVersion = 10.0.40219.1
Project("{FAE04EC0-301F-11D3-BF4B-00C04F79EFBC}") = "PayrollApplication", "PayrollApplication\PayrollApplication.csproj", "{91A177CA-1025-4BD9-B4D6-B49B9EC2CB8F}"
EndProject
Global
	GlobalSection(SolutionConfigurationPlatforms) = preSolution
		Debug|Any CPU = Debug|Any CPU
		Release|Any CPU = Release|Any CPU
	EndGlobalSection
	GlobalSection(ProjectConfigurationPlatforms) = postSolution
		{91A177CA-1025-4BD9-B4D6-B49B9EC2CB8F}.Debug|Any CPU.ActiveCfg = Debug|Any CPU
		{91A177CA-1025-4BD9-B4D6-B49B9EC2CB8F}.Debug|Any CPU.Build.0 = Debug|Any CPU
		{91A177CA-1025-4BD9-B4D6-B49B9EC2CB8F}.Release|Any CPU.ActiveCfg = Release|Any CPU
		{91A177CA-1025-4BD9-B4D6-B49B9EC2CB8F}.Release|Any CPU.Build.0 = Release|Any CPU
	EndGlobalSection
	GlobalSection(SolutionProperties) = preSolution
		HideSolutionNode = FALSE
	EndGlobalSection
	GlobalSection(ExtensibilityGlobals) = postSolution
		SolutionGuid = {18598671-9154-4F56-848A-6498706A35BA}
	EndGlobalSection
EndGlobal
